
Microsoft Visual Studio Solution File, Format Version 12.00
# Visual Studio Version 17
VisualStudioVersion = 17.13.35825.156 d17.13
MinimumVisualStudioVersion = 10.0.40219.1
Project("{FAE04EC0-301F-11D3-BF4B-00C04F79EFBC}") = "Interview_0314", "Interview_0314\Interview_0314.csproj", "{5A507655-740D-4707-8D24-EA28CB4EA177}"
EndProject
Global
	GlobalSection(SolutionConfigurationPlatforms) = preSolution
		Debug|Any CPU = Debug|Any CPU
		Release|Any CPU = Release|Any CPU
	EndGlobalSection
	GlobalSection(ProjectConfigurationPlatforms) = postSolution
		{5A507655-740D-4707-8D24-EA28CB4EA177}.Debug|Any CPU.ActiveCfg = Debug|Any CPU
		{5A507655-740D-4707-8D24-EA28CB4EA177}.Debug|Any CPU.Build.0 = Debug|Any CPU
		{5A507655-740D-4707-8D24-EA28CB4EA177}.Release|Any CPU.ActiveCfg = Release|Any CPU
		{5A507655-740D-4707-8D24-EA28CB4EA177}.Release|Any CPU.Build.0 = Release|Any CPU
	EndGlobalSection
	GlobalSection(SolutionProperties) = preSolution
		HideSolutionNode = FALSE
	EndGlobalSection
	GlobalSection(ExtensibilityGlobals) = postSolution
		SolutionGuid = {7FB8457B-EE41-4643-9A8A-FD59E0B87E2B}
	EndGlobalSection
EndGlobal
